// !$*UTF8*$!
{
	archiveVersion = 1;
	classes = {
	};
	objectVersion = 77;
	objects = {

/* Begin PBXBuildFile section */
		6BDFF6952DD15F25004C6A98 /* AppDelegate.swift in Sources */ = {isa = PBXBuildFile; fileRef = 6BDFF68B2DD15F25004C6A98 /* AppDelegate.swift */; };
		6BDFF6962DD15F25004C6A98 /* SceneDelegate.swift in Sources */ = {isa = PBXBuildFile; fileRef = 6BDFF6922DD15F25004C6A98 /* SceneDelegate.swift */; };
		6BDFF6972DD15F25004C6A98 /* ViewController.swift in Sources */ = {isa = PBXBuildFile; fileRef = 6BDFF6932DD15F25004C6A98 /* ViewController.swift */; };
		6BDFF6982DD15F25004C6A98 /* Assets.xcassets in Resources */ = {isa = PBXBuildFile; fileRef = 6BDFF68C2DD15F25004C6A98 /* Assets.xcassets */; };
		6BDFF69A2DD15F25004C6A98 /* LaunchScreen.storyboard in Resources */ = {isa = PBXBuildFile; fileRef = 6BDFF68F2DD15F25004C6A98 /* LaunchScreen.storyboard */; };
		6BDFF69B2DD15F25004C6A98 /* Main.storyboard in Resources */ = {isa = PBXBuildFile; fileRef = 6BDFF6912DD15F25004C6A98 /* Main.storyboard */; };
		6BDFF6A42DD17729004C6A98 /* LabelsViewController.swift in Sources */ = {isa = PBXBuildFile; fileRef = 6BDFF6A32DD17729004C6A98 /* LabelsViewController.swift */; };
		6BDFF6A72DD18133004C6A98 /* ButtonViewController.swift in Sources */ = {isa = PBXBuildFile; fileRef = 6BDFF6A62DD18133004C6A98 /* ButtonViewController.swift */; };
		6BDFF6AA2DD1C9DB004C6A98 /* ImagesViewController.swift in Sources */ = {isa = PBXBuildFile; fileRef = 6BDFF6A92DD1C9DB004C6A98 /* ImagesViewController.swift */; };
/* End PBXBuildFile section */

/* Begin PBXFileReference section */
		6BDFF6732DD15F12004C6A98 /* UIKitApp.app */ = {isa = PBXFileReference; explicitFileType = wrapper.application; includeInIndex = 0; path = UIKitApp.app; sourceTree = BUILT_PRODUCTS_DIR; };
		6BDFF68B2DD15F25004C6A98 /* AppDelegate.swift */ = {isa = PBXFileReference; lastKnownFileType = sourcecode.swift; path = AppDelegate.swift; sourceTree = "<group>"; };
		6BDFF68C2DD15F25004C6A98 /* Assets.xcassets */ = {isa = PBXFileReference; lastKnownFileType = folder.assetcatalog; path = Assets.xcassets; sourceTree = "<group>"; };
		6BDFF68D2DD15F25004C6A98 /* Info.plist */ = {isa = PBXFileReference; lastKnownFileType = text.plist.xml; path = Info.plist; sourceTree = "<group>"; };
		6BDFF68E2DD15F25004C6A98 /* Base */ = {isa = PBXFileReference; lastKnownFileType = file.storyboard; name = Base; path = Base.lproj/LaunchScreen.storyboard; sourceTree = "<group>"; };
		6BDFF6902DD15F25004C6A98 /* Base */ = {isa = PBXFileReference; lastKnownFileType = file.storyboard; name = Base; path = Base.lproj/Main.storyboard; sourceTree = "<group>"; };
		6BDFF6922DD15F25004C6A98 /* SceneDelegate.swift */ = {isa = PBXFileReference; lastKnownFileType = sourcecode.swift; path = SceneDelegate.swift; sourceTree = "<group>"; };
		6BDFF6932DD15F25004C6A98 /* ViewController.swift */ = {isa = PBXFileReference; lastKnownFileType = sourcecode.swift; path = ViewController.swift; sourceTree = "<group>"; };
		6BDFF6A32DD17729004C6A98 /* LabelsViewController.swift */ = {isa = PBXFileReference; lastKnownFileType = sourcecode.swift; path = LabelsViewController.swift; sourceTree = "<group>"; };
		6BDFF6A62DD18133004C6A98 /* ButtonViewController.swift */ = {isa = PBXFileReference; lastKnownFileType = sourcecode.swift; path = ButtonViewController.swift; sourceTree = "<group>"; };
		6BDFF6A92DD1C9DB004C6A98 /* ImagesViewController.swift */ = {isa = PBXFileReference; lastKnownFileType = sourcecode.swift; path = ImagesViewController.swift; sourceTree = "<group>"; };
/* End PBXFileReference section */

/* Begin PBXFrameworksBuildPhase section */
		6BDFF6702DD15F12004C6A98 /* Frameworks */ = {
			isa = PBXFrameworksBuildPhase;
			buildActionMask = 2147483647;
			files = (
			);
			runOnlyForDeploymentPostprocessing = 0;
		};
/* End PBXFrameworksBuildPhase section */

/* Begin PBXGroup section */
		6BDFF66A2DD15F12004C6A98 = {
			isa = PBXGroup;
			children = (
				6BDFF6942DD15F25004C6A98 /* UIKitApp */,
				6BDFF6742DD15F12004C6A98 /* Products */,
			);
			sourceTree = "<group>";
		};
		6BDFF6742DD15F12004C6A98 /* Products */ = {
			isa = PBXGroup;
			children = (
				6BDFF6732DD15F12004C6A98 /* UIKitApp.app */,
			);
			name = Products;
			sourceTree = "<group>";
		};
		6BDFF6942DD15F25004C6A98 /* UIKitApp */ = {
			isa = PBXGroup;
			children = (
				6BDFF69C2DD15F28004C6A98 /* App */,
				6BDFF69D2DD15F32004C6A98 /* Basics */,
				6BDFF69E2DD15F38004C6A98 /* Crypto */,
				6BDFF69F2DD15F41004C6A98 /* Extensions */,
				6BDFF6A02DD15F5C004C6A98 /* Resources */,
				6BDFF6A12DD15F6B004C6A98 /* Storyboards */,
			);
			path = UIKitApp;
			sourceTree = "<group>";
		};
		6BDFF69C2DD15F28004C6A98 /* App */ = {
			isa = PBXGroup;
			children = (
				6BDFF68B2DD15F25004C6A98 /* AppDelegate.swift */,
				6BDFF6922DD15F25004C6A98 /* SceneDelegate.swift */,
			);
			path = App;
			sourceTree = "<group>";
		};
		6BDFF69D2DD15F32004C6A98 /* Basics */ = {
			isa = PBXGroup;
			children = (
				6BDFF6A52DD180F3004C6A98 /* Buttons */,
				6BDFF6A82DD1C9C2004C6A98 /* Images */,
				6BDFF6A22DD17662004C6A98 /* Label */,
				6BDFF6932DD15F25004C6A98 /* ViewController.swift */,
			);
			path = Basics;
			sourceTree = "<group>";
		};
		6BDFF69E2DD15F38004C6A98 /* Crypto */ = {
			isa = PBXGroup;
			children = (
			);
			path = Crypto;
			sourceTree = "<group>";
		};
		6BDFF69F2DD15F41004C6A98 /* Extensions */ = {
			isa = PBXGroup;
			children = (
			);
			path = Extensions;
			sourceTree = "<group>";
		};
		6BDFF6A02DD15F5C004C6A98 /* Resources */ = {
			isa = PBXGroup;
			children = (
				6BDFF68C2DD15F25004C6A98 /* Assets.xcassets */,
				6BDFF68D2DD15F25004C6A98 /* Info.plist */,
			);
			path = Resources;
			sourceTree = "<group>";
		};
		6BDFF6A12DD15F6B004C6A98 /* Storyboards */ = {
			isa = PBXGroup;
			children = (
				6BDFF68F2DD15F25004C6A98 /* LaunchScreen.storyboard */,
				6BDFF6912DD15F25004C6A98 /* Main.storyboard */,
			);
			path = Storyboards;
			sourceTree = "<group>";
		};
		6BDFF6A22DD17662004C6A98 /* Label */ = {
			isa = PBXGroup;
			children = (
				6BDFF6A32DD17729004C6A98 /* LabelsViewController.swift */,
			);
			path = Label;
			sourceTree = "<group>";
		};
		6BDFF6A52DD180F3004C6A98 /* Buttons */ = {
			isa = PBXGroup;
			children = (
				6BDFF6A62DD18133004C6A98 /* ButtonViewController.swift */,
			);
			path = Buttons;
			sourceTree = "<group>";
		};
		6BDFF6A82DD1C9C2004C6A98 /* Images */ = {
			isa = PBXGroup;
			children = (
				6BDFF6A92DD1C9DB004C6A98 /* ImagesViewController.swift */,
			);
			path = Images;
			sourceTree = "<group>";
		};
/* End PBXGroup section */

/* Begin PBXNativeTarget section */
		6BDFF6722DD15F12004C6A98 /* UIKitApp */ = {
			isa = PBXNativeTarget;
			buildConfigurationList = 6BDFF6862DD15F14004C6A98 /* Build configuration list for PBXNativeTarget "UIKitApp" */;
			buildPhases = (
				6BDFF66F2DD15F12004C6A98 /* Sources */,
				6BDFF6702DD15F12004C6A98 /* Frameworks */,
				6BDFF6712DD15F12004C6A98 /* Resources */,
			);
			buildRules = (
			);
			dependencies = (
			);
			name = UIKitApp;
			packageProductDependencies = (
			);
			productName = UIKitApp;
			productReference = 6BDFF6732DD15F12004C6A98 /* UIKitApp.app */;
			productType = "com.apple.product-type.application";
		};
/* End PBXNativeTarget section */

/* Begin PBXProject section */
		6BDFF66B2DD15F12004C6A98 /* Project object */ = {
			isa = PBXProject;
			attributes = {
				BuildIndependentTargetsInParallel = 1;
				LastSwiftUpdateCheck = 1600;
				LastUpgradeCheck = 1600;
				TargetAttributes = {
					6BDFF6722DD15F12004C6A98 = {
						CreatedOnToolsVersion = 16.0;
					};
				};
			};
			buildConfigurationList = 6BDFF66E2DD15F12004C6A98 /* Build configuration list for PBXProject "UIKitApp" */;
			developmentRegion = en;
			hasScannedForEncodings = 0;
			knownRegions = (
				en,
				Base,
			);
			mainGroup = 6BDFF66A2DD15F12004C6A98;
			minimizedProjectReferenceProxies = 1;
			preferredProjectObjectVersion = 77;
			productRefGroup = 6BDFF6742DD15F12004C6A98 /* Products */;
			projectDirPath = "";
			projectRoot = "";
			targets = (
				6BDFF6722DD15F12004C6A98 /* UIKitApp */,
			);
		};
/* End PBXProject section */

/* Begin PBXResourcesBuildPhase section */
		6BDFF6712DD15F12004C6A98 /* Resources */ = {
			isa = PBXResourcesBuildPhase;
			buildActionMask = 2147483647;
			files = (
				6BDFF6982DD15F25004C6A98 /* Assets.xcassets in Resources */,
				6BDFF69A2DD15F25004C6A98 /* LaunchScreen.storyboard in Resources */,
				6BDFF69B2DD15F25004C6A98 /* Main.storyboard in Resources */,
			);
			runOnlyForDeploymentPostprocessing = 0;
		};
/* End PBXResourcesBuildPhase section */

/* Begin PBXSourcesBuildPhase section */
		6BDFF66F2DD15F12004C6A98 /* Sources */ = {
			isa = PBXSourcesBuildPhase;
			buildActionMask = 2147483647;
			files = (
				6BDFF6AA2DD1C9DB004C6A98 /* ImagesViewController.swift in Sources */,
				6BDFF6952DD15F25004C6A98 /* AppDelegate.swift in Sources */,
				6BDFF6962DD15F25004C6A98 /* SceneDelegate.swift in Sources */,
				6BDFF6972DD15F25004C6A98 /* ViewController.swift in Sources */,
				6BDFF6A72DD18133004C6A98 /* ButtonViewController.swift in Sources */,
				6BDFF6A42DD17729004C6A98 /* LabelsViewController.swift in Sources */,
			);
			runOnlyForDeploymentPostprocessing = 0;
		};
/* End PBXSourcesBuildPhase section */

/* Begin PBXVariantGroup section */
		6BDFF68F2DD15F25004C6A98 /* LaunchScreen.storyboard */ = {
			isa = PBXVariantGroup;
			children = (
				6BDFF68E2DD15F25004C6A98 /* Base */,
			);
			name = LaunchScreen.storyboard;
			sourceTree = "<group>";
		};
		6BDFF6912DD15F25004C6A98 /* Main.storyboard */ = {
			isa = PBXVariantGroup;
			children = (
				6BDFF6902DD15F25004C6A98 /* Base */,
			);
			name = Main.storyboard;
			sourceTree = "<group>";
		};
/* End PBXVariantGroup section */

/* Begin XCBuildConfiguration section */
		6BDFF6872DD15F14004C6A98 /* Debug */ = {
			isa = XCBuildConfiguration;
			buildSettings = {
				ASSETCATALOG_COMPILER_APPICON_NAME = AppIcon;
				ASSETCATALOG_COMPILER_GLOBAL_ACCENT_COLOR_NAME = AccentColor;
				CODE_SIGN_STYLE = Automatic;
				CURRENT_PROJECT_VERSION = 1;
				GENERATE_INFOPLIST_FILE = YES;
				INFOPLIST_FILE = UIKitApp/Resources/Info.plist;
				INFOPLIST_KEY_UIApplicationSupportsIndirectInputEvents = YES;
				INFOPLIST_KEY_UILaunchStoryboardName = LaunchScreen;
				INFOPLIST_KEY_UIMainStoryboardFile = Main;
				INFOPLIST_KEY_UISupportedInterfaceOrientations_iPad = "UIInterfaceOrientationPortrait UIInterfaceOrientationPortraitUpsideDown UIInterfaceOrientationLandscapeLeft UIInterfaceOrientationLandscapeRight";
				INFOPLIST_KEY_UISupportedInterfaceOrientations_iPhone = "UIInterfaceOrientationPortrait UIInterfaceOrientationLandscapeLeft UIInterfaceOrientationLandscapeRight";
				LD_RUNPATH_SEARCH_PATHS = (
					"$(inherited)",
					"@executable_path/Frameworks",
				);
				MARKETING_VERSION = 1.0;
				PRODUCT_BUNDLE_IDENTIFIER = Chris.UIKitApp;
				PRODUCT_NAME = "$(TARGET_NAME)";
				SWIFT_EMIT_LOC_STRINGS = YES;
				SWIFT_VERSION = 5.0;
				TARGETED_DEVICE_FAMILY = "1,2";
			};
			name = Debug;
		};
		6BDFF6882DD15F14004C6A98 /* Release */ = {
			isa = XCBuildConfiguration;
			buildSettings = {
				ASSETCATALOG_COMPILER_APPICON_NAME = AppIcon;
				ASSETCATALOG_COMPILER_GLOBAL_ACCENT_COLOR_NAME = AccentColor;
				CODE_SIGN_STYLE = Automatic;
				CURRENT_PROJECT_VERSION = 1;
				GENERATE_INFOPLIST_FILE = YES;
				INFOPLIST_FILE = UIKitApp/Resources/Info.plist;
				INFOPLIST_KEY_UIApplicationSupportsIndirectInputEvents = YES;
				INFOPLIST_KEY_UILaunchStoryboardName = LaunchScreen;
				INFOPLIST_KEY_UIMainStoryboardFile = Main;
				INFOPLIST_KEY_UISupportedInterfaceOrientations_iPad = "UIInterfaceOrientationPortrait UIInterfaceOrientationPortraitUpsideDown UIInterfaceOrientationLandscapeLeft UIInterfaceOrientationLandscapeRight";
				INFOPLIST_KEY_UISupportedInterfaceOrientations_iPhone = "UIInterfaceOrientationPortrait UIInterfaceOrientationLandscapeLeft UIInterfaceOrientationLandscapeRight";
				LD_RUNPATH_SEARCH_PATHS = (
					"$(inherited)",
					"@executable_path/Frameworks",
				);
				MARKETING_VERSION = 1.0;
				PRODUCT_BUNDLE_IDENTIFIER = Chris.UIKitApp;
				PRODUCT_NAME = "$(TARGET_NAME)";
				SWIFT_EMIT_LOC_STRINGS = YES;
				SWIFT_VERSION = 5.0;
				TARGETED_DEVICE_FAMILY = "1,2";
			};
			name = Release;
		};
		6BDFF6892DD15F14004C6A98 /* Debug */ = {
			isa = XCBuildConfiguration;
			buildSettings = {
				ALWAYS_SEARCH_USER_PATHS = NO;
				ASSETCATALOG_COMPILER_GENERATE_SWIFT_ASSET_SYMBOL_EXTENSIONS = YES;
				CLANG_ANALYZER_NONNULL = YES;
				CLANG_ANALYZER_NUMBER_OBJECT_CONVERSION = YES_AGGRESSIVE;
				CLANG_CXX_LANGUAGE_STANDARD = "gnu++20";
				CLANG_ENABLE_MODULES = YES;
				CLANG_ENABLE_OBJC_ARC = YES;
				CLANG_ENABLE_OBJC_WEAK = YES;
				CLANG_WARN_BLOCK_CAPTURE_AUTORELEASING = YES;
				CLANG_WARN_BOOL_CONVERSION = YES;
				CLANG_WARN_COMMA = YES;
				CLANG_WARN_CONSTANT_CONVERSION = YES;
				CLANG_WARN_DEPRECATED_OBJC_IMPLEMENTATIONS = YES;
				CLANG_WARN_DIRECT_OBJC_ISA_USAGE = YES_ERROR;
				CLANG_WARN_DOCUMENTATION_COMMENTS = YES;
				CLANG_WARN_EMPTY_BODY = YES;
				CLANG_WARN_ENUM_CONVERSION = YES;
				CLANG_WARN_INFINITE_RECURSION = YES;
				CLANG_WARN_INT_CONVERSION = YES;
				CLANG_WARN_NON_LITERAL_NULL_CONVERSION = YES;
				CLANG_WARN_OBJC_IMPLICIT_RETAIN_SELF = YES;
				CLANG_WARN_OBJC_LITERAL_CONVERSION = YES;
				CLANG_WARN_OBJC_ROOT_CLASS = YES_ERROR;
				CLANG_WARN_QUOTED_INCLUDE_IN_FRAMEWORK_HEADER = YES;
				CLANG_WARN_RANGE_LOOP_ANALYSIS = YES;
				CLANG_WARN_STRICT_PROTOTYPES = YES;
				CLANG_WARN_SUSPICIOUS_MOVE = YES;
				CLANG_WARN_UNGUARDED_AVAILABILITY = YES_AGGRESSIVE;
				CLANG_WARN_UNREACHABLE_CODE = YES;
				CLANG_WARN__DUPLICATE_METHOD_MATCH = YES;
				COPY_PHASE_STRIP = NO;
				DEBUG_INFORMATION_FORMAT = dwarf;
				ENABLE_STRICT_OBJC_MSGSEND = YES;
				ENABLE_TESTABILITY = YES;
				ENABLE_USER_SCRIPT_SANDBOXING = YES;
				GCC_C_LANGUAGE_STANDARD = gnu17;
				GCC_DYNAMIC_NO_PIC = NO;
				GCC_NO_COMMON_BLOCKS = YES;
				GCC_OPTIMIZATION_LEVEL = 0;
				GCC_PREPROCESSOR_DEFINITIONS = (
					"DEBUG=1",
					"$(inherited)",
				);
				GCC_WARN_64_TO_32_BIT_CONVERSION = YES;
				GCC_WARN_ABOUT_RETURN_TYPE = YES_ERROR;
				GCC_WARN_UNDECLARED_SELECTOR = YES;
				GCC_WARN_UNINITIALIZED_AUTOS = YES_AGGRESSIVE;
				GCC_WARN_UNUSED_FUNCTION = YES;
				GCC_WARN_UNUSED_VARIABLE = YES;
				IPHONEOS_DEPLOYMENT_TARGET = 18.0;
				LOCALIZATION_PREFERS_STRING_CATALOGS = YES;
				MTL_ENABLE_DEBUG_INFO = INCLUDE_SOURCE;
				MTL_FAST_MATH = YES;
				ONLY_ACTIVE_ARCH = YES;
				SDKROOT = iphoneos;
				SWIFT_ACTIVE_COMPILATION_CONDITIONS = "DEBUG $(inherited)";
				SWIFT_OPTIMIZATION_LEVEL = "-Onone";
			};
			name = Debug;
		};
		6BDFF68A2DD15F14004C6A98 /* Release */ = {
			isa = XCBuildConfiguration;
			buildSettings = {
				ALWAYS_SEARCH_USER_PATHS = NO;
				ASSETCATALOG_COMPILER_GENERATE_SWIFT_ASSET_SYMBOL_EXTENSIONS = YES;
				CLANG_ANALYZER_NONNULL = YES;
				CLANG_ANALYZER_NUMBER_OBJECT_CONVERSION = YES_AGGRESSIVE;
				CLANG_CXX_LANGUAGE_STANDARD = "gnu++20";
				CLANG_ENABLE_MODULES = YES;
				CLANG_ENABLE_OBJC_ARC = YES;
				CLANG_ENABLE_OBJC_WEAK = YES;
				CLANG_WARN_BLOCK_CAPTURE_AUTORELEASING = YES;
				CLANG_WARN_BOOL_CONVERSION = YES;
				CLANG_WARN_COMMA = YES;
				CLANG_WARN_CONSTANT_CONVERSION = YES;
				CLANG_WARN_DEPRECATED_OBJC_IMPLEMENTATIONS = YES;
				CLANG_WARN_DIRECT_OBJC_ISA_USAGE = YES_ERROR;
				CLANG_WARN_DOCUMENTATION_COMMENTS = YES;
				CLANG_WARN_EMPTY_BODY = YES;
				CLANG_WARN_ENUM_CONVERSION = YES;
				CLANG_WARN_INFINITE_RECURSION = YES;
				CLANG_WARN_INT_CONVERSION = YES;
				CLANG_WARN_NON_LITERAL_NULL_CONVERSION = YES;
				CLANG_WARN_OBJC_IMPLICIT_RETAIN_SELF = YES;
				CLANG_WARN_OBJC_LITERAL_CONVERSION = YES;
				CLANG_WARN_OBJC_ROOT_CLASS = YES_ERROR;
				CLANG_WARN_QUOTED_INCLUDE_IN_FRAMEWORK_HEADER = YES;
				CLANG_WARN_RANGE_LOOP_ANALYSIS = YES;
				CLANG_WARN_STRICT_PROTOTYPES = YES;
				CLANG_WARN_SUSPICIOUS_MOVE = YES;
				CLANG_WARN_UNGUARDED_AVAILABILITY = YES_AGGRESSIVE;
				CLANG_WARN_UNREACHABLE_CODE = YES;
				CLANG_WARN__DUPLICATE_METHOD_MATCH = YES;
				COPY_PHASE_STRIP = NO;
				DEBUG_INFORMATION_FORMAT = "dwarf-with-dsym";
				ENABLE_NS_ASSERTIONS = NO;
				ENABLE_STRICT_OBJC_MSGSEND = YES;
				ENABLE_USER_SCRIPT_SANDBOXING = YES;
				GCC_C_LANGUAGE_STANDARD = gnu17;
				GCC_NO_COMMON_BLOCKS = YES;
				GCC_WARN_64_TO_32_BIT_CONVERSION = YES;
				GCC_WARN_ABOUT_RETURN_TYPE = YES_ERROR;
				GCC_WARN_UNDECLARED_SELECTOR = YES;
				GCC_WARN_UNINITIALIZED_AUTOS = YES_AGGRESSIVE;
				GCC_WARN_UNUSED_FUNCTION = YES;
				GCC_WARN_UNUSED_VARIABLE = YES;
				IPHONEOS_DEPLOYMENT_TARGET = 18.0;
				LOCALIZATION_PREFERS_STRING_CATALOGS = YES;
				MTL_ENABLE_DEBUG_INFO = NO;
				MTL_FAST_MATH = YES;
				SDKROOT = iphoneos;
				SWIFT_COMPILATION_MODE = wholemodule;
				VALIDATE_PRODUCT = YES;
			};
			name = Release;
		};
/* End XCBuildConfiguration section */

/* Begin XCConfigurationList section */
		6BDFF66E2DD15F12004C6A98 /* Build configuration list for PBXProject "UIKitApp" */ = {
			isa = XCConfigurationList;
			buildConfigurations = (
				6BDFF6892DD15F14004C6A98 /* Debug */,
				6BDFF68A2DD15F14004C6A98 /* Release */,
			);
			defaultConfigurationIsVisible = 0;
			defaultConfigurationName = Release;
		};
		6BDFF6862DD15F14004C6A98 /* Build configuration list for PBXNativeTarget "UIKitApp" */ = {
			isa = XCConfigurationList;
			buildConfigurations = (
				6BDFF6872DD15F14004C6A98 /* Debug */,
				6BDFF6882DD15F14004C6A98 /* Release */,
			);
			defaultConfigurationIsVisible = 0;
			defaultConfigurationName = Release;
		};
/* End XCConfigurationList section */
	};
	rootObject = 6BDFF66B2DD15F12004C6A98 /* Project object */;
}
